{
    "name": "pavi-webui-aws-infra-cdk-cli",
    "lockfileVersion": 3,
    "requires": true,
    "packages": {
        "": {
            "name": "pavi-webui-aws-infra-cdk-cli",
            "dependencies": {
                "aws-cdk": "^2",
                "cdk": "^2"
            },
            "engines": {
                "node": ">=14.15.0"
            }
        },
        "node_modules/aws-cdk": {
            "version": "2.173.4",
            "resolved": "https://registry.npmjs.org/aws-cdk/-/aws-cdk-2.173.4.tgz",
            "integrity": "sha512-zgs3xU28VEKIwHwJHu0ZHeoEmwLGnHS2jPCMc2MsIMZu+a7CKyE77Tw6LwJkuuB96BQyqr6xJB3SbeWjXmcFhQ==",
            "license": "Apache-2.0",
            "bin": {
                "cdk": "bin/cdk"
            },
            "engines": {
                "node": ">= 14.15.0"
            },
            "optionalDependencies": {
                "fsevents": "2.3.2"
            }
        },
        "node_modules/cdk": {
            "version": "2.173.4",
            "resolved": "https://registry.npmjs.org/cdk/-/cdk-2.173.4.tgz",
            "integrity": "sha512-mpmKPHRt7QU4oLIqzKnAcoaT154Yf6armWvVM69/tSvX+9CLQG5yudB8X5oX5QgPXFj06t481K0QFLK2pOOqYw==",
            "license": "Apache-2.0",
            "dependencies": {
                "aws-cdk": "2.173.4"
            },
            "bin": {
                "cdk": "bin/cdk"
            },
            "engines": {
                "node": ">= 14.15.0"
            }
        },
        "node_modules/fsevents": {
            "version": "2.3.2",
            "resolved": "https://registry.npmjs.org/fsevents/-/fsevents-2.3.2.tgz",
            "integrity": "sha512-xiqMQR4xAeHTuB9uWm+fFRcIOgKBMiOBP+eXiyT7jsgVCq1bkVygt00oASowB7EdtpOHaaPgKt812P9ab+DDKA==",
            "hasInstallScript": true,
            "license": "MIT",
            "optional": true,
            "os": [
                "darwin"
            ],
            "engines": {
                "node": "^8.16.0 || ^10.6.0 || >=11.0.0"
            }
        }
    }
}
